
Microsoft Visual Studio Solution File, Format Version 12.00
# Visual Studio 2012
Project("{FAE04EC0-301F-11D3-BF4B-00C04F79EFBC}") = "Draw60", "Draw60\Draw60.csproj", "{C7D3F18F-6EB8-4A65-B48F-E385351C73B0}"
EndProject
Project("{FAE04EC0-301F-11D3-BF4B-00C04F79EFBC}") = "Engine", "Engine\Engine.csproj", "{0BAD2832-7D06-402D-8E06-D319846889D3}"
EndProject
Project("{FAE04EC0-301F-11D3-BF4B-00C04F79EFBC}") = "WebSite", "WebSite\WebSite.csproj", "{28A524DE-A14F-4CAC-91B5-5C2DD0D43578}"
EndProject
Global
	GlobalSection(SolutionConfigurationPlatforms) = preSolution
		Debug|Any CPU = Debug|Any CPU
		Release|Any CPU = Release|Any CPU
	EndGlobalSection
	GlobalSection(ProjectConfigurationPlatforms) = postSolution
		{C7D3F18F-6EB8-4A65-B48F-E385351C73B0}.Debug|Any CPU.ActiveCfg = Debug|Any CPU
		{C7D3F18F-6EB8-4A65-B48F-E385351C73B0}.Debug|Any CPU.Build.0 = Debug|Any CPU
		{C7D3F18F-6EB8-4A65-B48F-E385351C73B0}.Release|Any CPU.ActiveCfg = Release|Any CPU
		{C7D3F18F-6EB8-4A65-B48F-E385351C73B0}.Release|Any CPU.Build.0 = Release|Any CPU
		{0BAD2832-7D06-402D-8E06-D319846889D3}.Debug|Any CPU.ActiveCfg = Debug|Any CPU
		{0BAD2832-7D06-402D-8E06-D319846889D3}.Debug|Any CPU.Build.0 = Debug|Any CPU
		{0BAD2832-7D06-402D-8E06-D319846889D3}.Release|Any CPU.ActiveCfg = Release|Any CPU
		{0BAD2832-7D06-402D-8E06-D319846889D3}.Release|Any CPU.Build.0 = Release|Any CPU
		{28A524DE-A14F-4CAC-91B5-5C2DD0D43578}.Debug|Any CPU.ActiveCfg = Debug|Any CPU
		{28A524DE-A14F-4CAC-91B5-5C2DD0D43578}.Debug|Any CPU.Build.0 = Debug|Any CPU
		{28A524DE-A14F-4CAC-91B5-5C2DD0D43578}.Release|Any CPU.ActiveCfg = Release|Any CPU
		{28A524DE-A14F-4CAC-91B5-5C2DD0D43578}.Release|Any CPU.Build.0 = Release|Any CPU
	EndGlobalSection
	GlobalSection(SolutionProperties) = preSolution
		HideSolutionNode = FALSE
	EndGlobalSection
EndGlobal
